
Microsoft Visual Studio Solution File, Format Version 12.00
# Visual Studio Version 16
VisualStudioVersion = 16.0.29920.165
MinimumVisualStudioVersion = 10.0.40219.1
Project("{FAE04EC0-301F-11D3-BF4B-00C04F79EFBC}") = "Factory", "Factory.csproj", "{96893495-C3A1-4E15-A4D1-6ADF4C1B4A79}"
EndProject
Global
	GlobalSection(SolutionConfigurationPlatforms) = preSolution
		Debug|Any CPU = Debug|Any CPU
		Release|Any CPU = Release|Any CPU
	EndGlobalSection
	GlobalSection(ProjectConfigurationPlatforms) = postSolution
		{96893495-C3A1-4E15-A4D1-6ADF4C1B4A79}.Debug|Any CPU.ActiveCfg = Debug|Any CPU
		{96893495-C3A1-4E15-A4D1-6ADF4C1B4A79}.Debug|Any CPU.Build.0 = Debug|Any CPU
		{96893495-C3A1-4E15-A4D1-6ADF4C1B4A79}.Release|Any CPU.ActiveCfg = Release|Any CPU
		{96893495-C3A1-4E15-A4D1-6ADF4C1B4A79}.Release|Any CPU.Build.0 = Release|Any CPU
	EndGlobalSection
	GlobalSection(SolutionProperties) = preSolution
		HideSolutionNode = FALSE
	EndGlobalSection
	GlobalSection(ExtensibilityGlobals) = postSolution
		SolutionGuid = {798604F2-FC6E-4793-B991-6AFDC93B9F29}
	EndGlobalSection
EndGlobal
